// !$*UTF8*$!
{
	archiveVersion = 1;
	classes = {
	};
	objectVersion = 56;
	objects = {

/* Begin PBXBuildFile section */
		147D53E22A9FF1700017CCFD /* HeadlinrApp.swift in Sources */ = {isa = PBXBuildFile; fileRef = 147D53E12A9FF1700017CCFD /* HeadlinrApp.swift */; };
		147D53E62A9FF1730017CCFD /* Assets.xcassets in Resources */ = {isa = PBXBuildFile; fileRef = 147D53E52A9FF1730017CCFD /* Assets.xcassets */; };
		147D53E92A9FF1730017CCFD /* Preview Assets.xcassets in Resources */ = {isa = PBXBuildFile; fileRef = 147D53E82A9FF1730017CCFD /* Preview Assets.xcassets */; };
		147D53F12A9FF2D70017CCFD /* HomeView.swift in Sources */ = {isa = PBXBuildFile; fileRef = 147D53F02A9FF2D70017CCFD /* HomeView.swift */; };
		147D53F42A9FF3E90017CCFD /* NewsModel.swift in Sources */ = {isa = PBXBuildFile; fileRef = 147D53F32A9FF3E90017CCFD /* NewsModel.swift */; };
		147D53F72A9FF5F60017CCFD /* APIBuilder.swift in Sources */ = {isa = PBXBuildFile; fileRef = 147D53F62A9FF5F60017CCFD /* APIBuilder.swift */; };
		14B90A622AA142B900369D68 /* APIError.swift in Sources */ = {isa = PBXBuildFile; fileRef = 14B90A612AA142B900369D68 /* APIError.swift */; };
		14B90A642AA1452C00369D68 /* NewsService.swift in Sources */ = {isa = PBXBuildFile; fileRef = 14B90A632AA1452C00369D68 /* NewsService.swift */; };
		14B90A672AA14C8A00369D68 /* ResultStates.swift in Sources */ = {isa = PBXBuildFile; fileRef = 14B90A662AA14C8A00369D68 /* ResultStates.swift */; };
		14B90A6A2AA14D3400369D68 /* NewsViewModel.swift in Sources */ = {isa = PBXBuildFile; fileRef = 14B90A692AA14D3400369D68 /* NewsViewModel.swift */; };
		14B90A6D2AA1D38900369D68 /* URLImage in Frameworks */ = {isa = PBXBuildFile; productRef = 14B90A6C2AA1D38900369D68 /* URLImage */; };
		14B90A6F2AA1D40900369D68 /* ArticleView.swift in Sources */ = {isa = PBXBuildFile; fileRef = 14B90A6E2AA1D40900369D68 /* ArticleView.swift */; };
		14B90A712AA1DCD400369D68 /* PlaceHolderImageView.swift in Sources */ = {isa = PBXBuildFile; fileRef = 14B90A702AA1DCD400369D68 /* PlaceHolderImageView.swift */; };
		14B90A732AA1DFA700369D68 /* ErrorView.swift in Sources */ = {isa = PBXBuildFile; fileRef = 14B90A722AA1DFA700369D68 /* ErrorView.swift */; };
/* End PBXBuildFile section */

/* Begin PBXFileReference section */
		147D53DE2A9FF1700017CCFD /* headlinr.app */ = {isa = PBXFileReference; explicitFileType = wrapper.application; includeInIndex = 0; path = headlinr.app; sourceTree = BUILT_PRODUCTS_DIR; };
		147D53E12A9FF1700017CCFD /* HeadlinrApp.swift */ = {isa = PBXFileReference; lastKnownFileType = sourcecode.swift; path = HeadlinrApp.swift; sourceTree = "<group>"; };
		147D53E52A9FF1730017CCFD /* Assets.xcassets */ = {isa = PBXFileReference; lastKnownFileType = folder.assetcatalog; path = Assets.xcassets; sourceTree = "<group>"; };
		147D53E82A9FF1730017CCFD /* Preview Assets.xcassets */ = {isa = PBXFileReference; lastKnownFileType = folder.assetcatalog; path = "Preview Assets.xcassets"; sourceTree = "<group>"; };
		147D53F02A9FF2D70017CCFD /* HomeView.swift */ = {isa = PBXFileReference; lastKnownFileType = sourcecode.swift; path = HomeView.swift; sourceTree = "<group>"; };
		147D53F32A9FF3E90017CCFD /* NewsModel.swift */ = {isa = PBXFileReference; lastKnownFileType = sourcecode.swift; path = NewsModel.swift; sourceTree = "<group>"; };
		147D53F62A9FF5F60017CCFD /* APIBuilder.swift */ = {isa = PBXFileReference; lastKnownFileType = sourcecode.swift; path = APIBuilder.swift; sourceTree = "<group>"; };
		14B90A612AA142B900369D68 /* APIError.swift */ = {isa = PBXFileReference; lastKnownFileType = sourcecode.swift; path = APIError.swift; sourceTree = "<group>"; };
		14B90A632AA1452C00369D68 /* NewsService.swift */ = {isa = PBXFileReference; lastKnownFileType = sourcecode.swift; path = NewsService.swift; sourceTree = "<group>"; };
		14B90A662AA14C8A00369D68 /* ResultStates.swift */ = {isa = PBXFileReference; lastKnownFileType = sourcecode.swift; path = ResultStates.swift; sourceTree = "<group>"; };
		14B90A692AA14D3400369D68 /* NewsViewModel.swift */ = {isa = PBXFileReference; lastKnownFileType = sourcecode.swift; path = NewsViewModel.swift; sourceTree = "<group>"; };
		14B90A6E2AA1D40900369D68 /* ArticleView.swift */ = {isa = PBXFileReference; lastKnownFileType = sourcecode.swift; path = ArticleView.swift; sourceTree = "<group>"; };
		14B90A702AA1DCD400369D68 /* PlaceHolderImageView.swift */ = {isa = PBXFileReference; lastKnownFileType = sourcecode.swift; path = PlaceHolderImageView.swift; sourceTree = "<group>"; };
		14B90A722AA1DFA700369D68 /* ErrorView.swift */ = {isa = PBXFileReference; lastKnownFileType = sourcecode.swift; path = ErrorView.swift; sourceTree = "<group>"; };
/* End PBXFileReference section */

/* Begin PBXFrameworksBuildPhase section */
		147D53DB2A9FF1700017CCFD /* Frameworks */ = {
			isa = PBXFrameworksBuildPhase;
			buildActionMask = 2147483647;
			files = (
				14B90A6D2AA1D38900369D68 /* URLImage in Frameworks */,
			);
			runOnlyForDeploymentPostprocessing = 0;
		};
/* End PBXFrameworksBuildPhase section */

/* Begin PBXGroup section */
		147D53D52A9FF1700017CCFD = {
			isa = PBXGroup;
			children = (
				147D53E02A9FF1700017CCFD /* headlinr */,
				147D53DF2A9FF1700017CCFD /* Products */,
			);
			sourceTree = "<group>";
		};
		147D53DF2A9FF1700017CCFD /* Products */ = {
			isa = PBXGroup;
			children = (
				147D53DE2A9FF1700017CCFD /* headlinr.app */,
			);
			name = Products;
			sourceTree = "<group>";
		};
		147D53E02A9FF1700017CCFD /* headlinr */ = {
			isa = PBXGroup;
			children = (
				14B90A682AA14D0D00369D68 /* ViewModel */,
				147D53F52A9FF4FF0017CCFD /* Actions */,
				147D53F22A9FF3AF0017CCFD /* Model */,
				147D53EF2A9FF2C50017CCFD /* Views */,
				147D53E12A9FF1700017CCFD /* HeadlinrApp.swift */,
				147D53E52A9FF1730017CCFD /* Assets.xcassets */,
				147D53E72A9FF1730017CCFD /* Preview Content */,
			);
			path = headlinr;
			sourceTree = "<group>";
		};
		147D53E72A9FF1730017CCFD /* Preview Content */ = {
			isa = PBXGroup;
			children = (
				147D53E82A9FF1730017CCFD /* Preview Assets.xcassets */,
			);
			path = "Preview Content";
			sourceTree = "<group>";
		};
		147D53EF2A9FF2C50017CCFD /* Views */ = {
			isa = PBXGroup;
			children = (
				147D53F02A9FF2D70017CCFD /* HomeView.swift */,
				14B90A6E2AA1D40900369D68 /* ArticleView.swift */,
				14B90A702AA1DCD400369D68 /* PlaceHolderImageView.swift */,
				14B90A722AA1DFA700369D68 /* ErrorView.swift */,
			);
			path = Views;
			sourceTree = "<group>";
		};
		147D53F22A9FF3AF0017CCFD /* Model */ = {
			isa = PBXGroup;
			children = (
				147D53F32A9FF3E90017CCFD /* NewsModel.swift */,
			);
			path = Model;
			sourceTree = "<group>";
		};
		147D53F52A9FF4FF0017CCFD /* Actions */ = {
			isa = PBXGroup;
			children = (
				14B90A662AA14C8A00369D68 /* ResultStates.swift */,
				147D53F62A9FF5F60017CCFD /* APIBuilder.swift */,
				14B90A612AA142B900369D68 /* APIError.swift */,
				14B90A632AA1452C00369D68 /* NewsService.swift */,
			);
			path = Actions;
			sourceTree = "<group>";
		};
		14B90A682AA14D0D00369D68 /* ViewModel */ = {
			isa = PBXGroup;
			children = (
				14B90A692AA14D3400369D68 /* NewsViewModel.swift */,
			);
			path = ViewModel;
			sourceTree = "<group>";
		};
/* End PBXGroup section */

/* Begin PBXNativeTarget section */
		147D53DD2A9FF1700017CCFD /* headlinr */ = {
			isa = PBXNativeTarget;
			buildConfigurationList = 147D53EC2A9FF1730017CCFD /* Build configuration list for PBXNativeTarget "headlinr" */;
			buildPhases = (
				147D53DA2A9FF1700017CCFD /* Sources */,
				147D53DB2A9FF1700017CCFD /* Frameworks */,
				147D53DC2A9FF1700017CCFD /* Resources */,
			);
			buildRules = (
			);
			dependencies = (
			);
			name = headlinr;
			packageProductDependencies = (
				14B90A6C2AA1D38900369D68 /* URLImage */,
			);
			productName = headlinr;
			productReference = 147D53DE2A9FF1700017CCFD /* headlinr.app */;
			productType = "com.apple.product-type.application";
		};
/* End PBXNativeTarget section */

/* Begin PBXProject section */
		147D53D62A9FF1700017CCFD /* Project object */ = {
			isa = PBXProject;
			attributes = {
				BuildIndependentTargetsInParallel = 1;
				LastSwiftUpdateCheck = 1430;
				LastUpgradeCheck = 1430;
				TargetAttributes = {
					147D53DD2A9FF1700017CCFD = {
						CreatedOnToolsVersion = 14.3.1;
					};
				};
			};
			buildConfigurationList = 147D53D92A9FF1700017CCFD /* Build configuration list for PBXProject "headlinr" */;
			compatibilityVersion = "Xcode 14.0";
			developmentRegion = en;
			hasScannedForEncodings = 0;
			knownRegions = (
				en,
				Base,
			);
			mainGroup = 147D53D52A9FF1700017CCFD;
			packageReferences = (
				14B90A6B2AA1D38900369D68 /* XCRemoteSwiftPackageReference "url-image" */,
			);
			productRefGroup = 147D53DF2A9FF1700017CCFD /* Products */;
			projectDirPath = "";
			projectRoot = "";
			targets = (
				147D53DD2A9FF1700017CCFD /* headlinr */,
			);
		};
/* End PBXProject section */

/* Begin PBXResourcesBuildPhase section */
		147D53DC2A9FF1700017CCFD /* Resources */ = {
			isa = PBXResourcesBuildPhase;
			buildActionMask = 2147483647;
			files = (
				147D53E92A9FF1730017CCFD /* Preview Assets.xcassets in Resources */,
				147D53E62A9FF1730017CCFD /* Assets.xcassets in Resources */,
			);
			runOnlyForDeploymentPostprocessing = 0;
		};
/* End PBXResourcesBuildPhase section */

/* Begin PBXSourcesBuildPhase section */
		147D53DA2A9FF1700017CCFD /* Sources */ = {
			isa = PBXSourcesBuildPhase;
			buildActionMask = 2147483647;
			files = (
				14B90A642AA1452C00369D68 /* NewsService.swift in Sources */,
				147D53F42A9FF3E90017CCFD /* NewsModel.swift in Sources */,
				147D53F12A9FF2D70017CCFD /* HomeView.swift in Sources */,
				14B90A672AA14C8A00369D68 /* ResultStates.swift in Sources */,
				14B90A712AA1DCD400369D68 /* PlaceHolderImageView.swift in Sources */,
				147D53F72A9FF5F60017CCFD /* APIBuilder.swift in Sources */,
				14B90A622AA142B900369D68 /* APIError.swift in Sources */,
				147D53E22A9FF1700017CCFD /* HeadlinrApp.swift in Sources */,
				14B90A6F2AA1D40900369D68 /* ArticleView.swift in Sources */,
				14B90A6A2AA14D3400369D68 /* NewsViewModel.swift in Sources */,
				14B90A732AA1DFA700369D68 /* ErrorView.swift in Sources */,
			);
			runOnlyForDeploymentPostprocessing = 0;
		};
/* End PBXSourcesBuildPhase section */

/* Begin XCBuildConfiguration section */
		147D53EA2A9FF1730017CCFD /* Debug */ = {
			isa = XCBuildConfiguration;
			buildSettings = {
				ALWAYS_SEARCH_USER_PATHS = NO;
				CLANG_ANALYZER_NONNULL = YES;
				CLANG_ANALYZER_NUMBER_OBJECT_CONVERSION = YES_AGGRESSIVE;
				CLANG_CXX_LANGUAGE_STANDARD = "gnu++20";
				CLANG_ENABLE_MODULES = YES;
				CLANG_ENABLE_OBJC_ARC = YES;
				CLANG_ENABLE_OBJC_WEAK = YES;
				CLANG_WARN_BLOCK_CAPTURE_AUTORELEASING = YES;
				CLANG_WARN_BOOL_CONVERSION = YES;
				CLANG_WARN_COMMA = YES;
				CLANG_WARN_CONSTANT_CONVERSION = YES;
				CLANG_WARN_DEPRECATED_OBJC_IMPLEMENTATIONS = YES;
				CLANG_WARN_DIRECT_OBJC_ISA_USAGE = YES_ERROR;
				CLANG_WARN_DOCUMENTATION_COMMENTS = YES;
				CLANG_WARN_EMPTY_BODY = YES;
				CLANG_WARN_ENUM_CONVERSION = YES;
				CLANG_WARN_INFINITE_RECURSION = YES;
				CLANG_WARN_INT_CONVERSION = YES;
				CLANG_WARN_NON_LITERAL_NULL_CONVERSION = YES;
				CLANG_WARN_OBJC_IMPLICIT_RETAIN_SELF = YES;
				CLANG_WARN_OBJC_LITERAL_CONVERSION = YES;
				CLANG_WARN_OBJC_ROOT_CLASS = YES_ERROR;
				CLANG_WARN_QUOTED_INCLUDE_IN_FRAMEWORK_HEADER = YES;
				CLANG_WARN_RANGE_LOOP_ANALYSIS = YES;
				CLANG_WARN_STRICT_PROTOTYPES = YES;
				CLANG_WARN_SUSPICIOUS_MOVE = YES;
				CLANG_WARN_UNGUARDED_AVAILABILITY = YES_AGGRESSIVE;
				CLANG_WARN_UNREACHABLE_CODE = YES;
				CLANG_WARN__DUPLICATE_METHOD_MATCH = YES;
				COPY_PHASE_STRIP = NO;
				DEBUG_INFORMATION_FORMAT = dwarf;
				ENABLE_STRICT_OBJC_MSGSEND = YES;
				ENABLE_TESTABILITY = YES;
				GCC_C_LANGUAGE_STANDARD = gnu11;
				GCC_DYNAMIC_NO_PIC = NO;
				GCC_NO_COMMON_BLOCKS = YES;
				GCC_OPTIMIZATION_LEVEL = 0;
				GCC_PREPROCESSOR_DEFINITIONS = (
					"DEBUG=1",
					"$(inherited)",
				);
				GCC_WARN_64_TO_32_BIT_CONVERSION = YES;
				GCC_WARN_ABOUT_RETURN_TYPE = YES_ERROR;
				GCC_WARN_UNDECLARED_SELECTOR = YES;
				GCC_WARN_UNINITIALIZED_AUTOS = YES_AGGRESSIVE;
				GCC_WARN_UNUSED_FUNCTION = YES;
				GCC_WARN_UNUSED_VARIABLE = YES;
				IPHONEOS_DEPLOYMENT_TARGET = 16.4;
				MTL_ENABLE_DEBUG_INFO = INCLUDE_SOURCE;
				MTL_FAST_MATH = YES;
				ONLY_ACTIVE_ARCH = YES;
				SDKROOT = iphoneos;
				SWIFT_ACTIVE_COMPILATION_CONDITIONS = DEBUG;
				SWIFT_OPTIMIZATION_LEVEL = "-Onone";
			};
			name = Debug;
		};
		147D53EB2A9FF1730017CCFD /* Release */ = {
			isa = XCBuildConfiguration;
			buildSettings = {
				ALWAYS_SEARCH_USER_PATHS = NO;
				CLANG_ANALYZER_NONNULL = YES;
				CLANG_ANALYZER_NUMBER_OBJECT_CONVERSION = YES_AGGRESSIVE;
				CLANG_CXX_LANGUAGE_STANDARD = "gnu++20";
				CLANG_ENABLE_MODULES = YES;
				CLANG_ENABLE_OBJC_ARC = YES;
				CLANG_ENABLE_OBJC_WEAK = YES;
				CLANG_WARN_BLOCK_CAPTURE_AUTORELEASING = YES;
				CLANG_WARN_BOOL_CONVERSION = YES;
				CLANG_WARN_COMMA = YES;
				CLANG_WARN_CONSTANT_CONVERSION = YES;
				CLANG_WARN_DEPRECATED_OBJC_IMPLEMENTATIONS = YES;
				CLANG_WARN_DIRECT_OBJC_ISA_USAGE = YES_ERROR;
				CLANG_WARN_DOCUMENTATION_COMMENTS = YES;
				CLANG_WARN_EMPTY_BODY = YES;
				CLANG_WARN_ENUM_CONVERSION = YES;
				CLANG_WARN_INFINITE_RECURSION = YES;
				CLANG_WARN_INT_CONVERSION = YES;
				CLANG_WARN_NON_LITERAL_NULL_CONVERSION = YES;
				CLANG_WARN_OBJC_IMPLICIT_RETAIN_SELF = YES;
				CLANG_WARN_OBJC_LITERAL_CONVERSION = YES;
				CLANG_WARN_OBJC_ROOT_CLASS = YES_ERROR;
				CLANG_WARN_QUOTED_INCLUDE_IN_FRAMEWORK_HEADER = YES;
				CLANG_WARN_RANGE_LOOP_ANALYSIS = YES;
				CLANG_WARN_STRICT_PROTOTYPES = YES;
				CLANG_WARN_SUSPICIOUS_MOVE = YES;
				CLANG_WARN_UNGUARDED_AVAILABILITY = YES_AGGRESSIVE;
				CLANG_WARN_UNREACHABLE_CODE = YES;
				CLANG_WARN__DUPLICATE_METHOD_MATCH = YES;
				COPY_PHASE_STRIP = NO;
				DEBUG_INFORMATION_FORMAT = "dwarf-with-dsym";
				ENABLE_NS_ASSERTIONS = NO;
				ENABLE_STRICT_OBJC_MSGSEND = YES;
				GCC_C_LANGUAGE_STANDARD = gnu11;
				GCC_NO_COMMON_BLOCKS = YES;
				GCC_WARN_64_TO_32_BIT_CONVERSION = YES;
				GCC_WARN_ABOUT_RETURN_TYPE = YES_ERROR;
				GCC_WARN_UNDECLARED_SELECTOR = YES;
				GCC_WARN_UNINITIALIZED_AUTOS = YES_AGGRESSIVE;
				GCC_WARN_UNUSED_FUNCTION = YES;
				GCC_WARN_UNUSED_VARIABLE = YES;
				IPHONEOS_DEPLOYMENT_TARGET = 16.4;
				MTL_ENABLE_DEBUG_INFO = NO;
				MTL_FAST_MATH = YES;
				SDKROOT = iphoneos;
				SWIFT_COMPILATION_MODE = wholemodule;
				SWIFT_OPTIMIZATION_LEVEL = "-O";
				VALIDATE_PRODUCT = YES;
			};
			name = Release;
		};
		147D53ED2A9FF1730017CCFD /* Debug */ = {
			isa = XCBuildConfiguration;
			buildSettings = {
				ASSETCATALOG_COMPILER_APPICON_NAME = AppIcon;
				ASSETCATALOG_COMPILER_GLOBAL_ACCENT_COLOR_NAME = AccentColor;
				CODE_SIGN_STYLE = Automatic;
				CURRENT_PROJECT_VERSION = 1;
				DEVELOPMENT_ASSET_PATHS = "\"headlinr/Preview Content\"";
				DEVELOPMENT_TEAM = "";
				ENABLE_PREVIEWS = YES;
				GENERATE_INFOPLIST_FILE = YES;
				INFOPLIST_KEY_CFBundleDisplayName = Headlinr;
				INFOPLIST_KEY_LSApplicationCategoryType = "public.app-category.news";
				INFOPLIST_KEY_UIApplicationSceneManifest_Generation = YES;
				INFOPLIST_KEY_UIApplicationSupportsIndirectInputEvents = YES;
				INFOPLIST_KEY_UILaunchScreen_Generation = YES;
				INFOPLIST_KEY_UISupportedInterfaceOrientations = UIInterfaceOrientationPortrait;
				INFOPLIST_KEY_UISupportedInterfaceOrientations_iPad = "UIInterfaceOrientationLandscapeLeft UIInterfaceOrientationLandscapeRight UIInterfaceOrientationPortrait UIInterfaceOrientationPortraitUpsideDown";
				LD_RUNPATH_SEARCH_PATHS = (
					"$(inherited)",
					"@executable_path/Frameworks",
				);
				MARKETING_VERSION = 1.0;
				PRODUCT_BUNDLE_IDENTIFIER = com.soulll.headlinr;
				PRODUCT_NAME = "$(TARGET_NAME)";
				SUPPORTED_PLATFORMS = "iphoneos iphonesimulator";
				SUPPORTS_MACCATALYST = NO;
				SUPPORTS_MAC_DESIGNED_FOR_IPHONE_IPAD = NO;
				SWIFT_EMIT_LOC_STRINGS = YES;
				SWIFT_VERSION = 5.0;
				TARGETED_DEVICE_FAMILY = 1;
			};
			name = Debug;
		};
		147D53EE2A9FF1730017CCFD /* Release */ = {
			isa = XCBuildConfiguration;
			buildSettings = {
				ASSETCATALOG_COMPILER_APPICON_NAME = AppIcon;
				ASSETCATALOG_COMPILER_GLOBAL_ACCENT_COLOR_NAME = AccentColor;
				CODE_SIGN_STYLE = Automatic;
				CURRENT_PROJECT_VERSION = 1;
				DEVELOPMENT_ASSET_PATHS = "\"headlinr/Preview Content\"";
				DEVELOPMENT_TEAM = "";
				ENABLE_PREVIEWS = YES;
				GENERATE_INFOPLIST_FILE = YES;
				INFOPLIST_KEY_CFBundleDisplayName = Headlinr;
				INFOPLIST_KEY_LSApplicationCategoryType = "public.app-category.news";
				INFOPLIST_KEY_UIApplicationSceneManifest_Generation = YES;
				INFOPLIST_KEY_UIApplicationSupportsIndirectInputEvents = YES;
				INFOPLIST_KEY_UILaunchScreen_Generation = YES;
				INFOPLIST_KEY_UISupportedInterfaceOrientations = UIInterfaceOrientationPortrait;
				INFOPLIST_KEY_UISupportedInterfaceOrientations_iPad = "UIInterfaceOrientationLandscapeLeft UIInterfaceOrientationLandscapeRight UIInterfaceOrientationPortrait UIInterfaceOrientationPortraitUpsideDown";
				LD_RUNPATH_SEARCH_PATHS = (
					"$(inherited)",
					"@executable_path/Frameworks",
				);
				MARKETING_VERSION = 1.0;
				PRODUCT_BUNDLE_IDENTIFIER = com.soulll.headlinr;
				PRODUCT_NAME = "$(TARGET_NAME)";
				SUPPORTED_PLATFORMS = "iphoneos iphonesimulator";
				SUPPORTS_MACCATALYST = NO;
				SUPPORTS_MAC_DESIGNED_FOR_IPHONE_IPAD = NO;
				SWIFT_EMIT_LOC_STRINGS = YES;
				SWIFT_VERSION = 5.0;
				TARGETED_DEVICE_FAMILY = 1;
			};
			name = Release;
		};
/* End XCBuildConfiguration section */

/* Begin XCConfigurationList section */
		147D53D92A9FF1700017CCFD /* Build configuration list for PBXProject "headlinr" */ = {
			isa = XCConfigurationList;
			buildConfigurations = (
				147D53EA2A9FF1730017CCFD /* Debug */,
				147D53EB2A9FF1730017CCFD /* Release */,
			);
			defaultConfigurationIsVisible = 0;
			defaultConfigurationName = Release;
		};
		147D53EC2A9FF1730017CCFD /* Build configuration list for PBXNativeTarget "headlinr" */ = {
			isa = XCConfigurationList;
			buildConfigurations = (
				147D53ED2A9FF1730017CCFD /* Debug */,
				147D53EE2A9FF1730017CCFD /* Release */,
			);
			defaultConfigurationIsVisible = 0;
			defaultConfigurationName = Release;
		};
/* End XCConfigurationList section */

/* Begin XCRemoteSwiftPackageReference section */
		14B90A6B2AA1D38900369D68 /* XCRemoteSwiftPackageReference "url-image" */ = {
			isa = XCRemoteSwiftPackageReference;
			repositoryURL = "https://github.com/dmytro-anokhin/url-image";
			requirement = {
				kind = upToNextMajorVersion;
				minimumVersion = 3.0.0;
			};
		};
/* End XCRemoteSwiftPackageReference section */

/* Begin XCSwiftPackageProductDependency section */
		14B90A6C2AA1D38900369D68 /* URLImage */ = {
			isa = XCSwiftPackageProductDependency;
			package = 14B90A6B2AA1D38900369D68 /* XCRemoteSwiftPackageReference "url-image" */;
			productName = URLImage;
		};
/* End XCSwiftPackageProductDependency section */
	};
	rootObject = 147D53D62A9FF1700017CCFD /* Project object */;
}
